
Microsoft Visual Studio Solution File, Format Version 12.00
# Visual Studio 2012
Project("{FAE04EC0-301F-11D3-BF4B-00C04F79EFBC}") = "SignalRDemo", "SignalRDemo\SignalRDemo.csproj", "{F7934B1F-64FF-406F-A13C-8E6282159903}"
EndProject
Global
	GlobalSection(SolutionConfigurationPlatforms) = preSolution
		Debug|x86 = Debug|x86
		Release|x86 = Release|x86
	EndGlobalSection
	GlobalSection(ProjectConfigurationPlatforms) = postSolution
		{F7934B1F-64FF-406F-A13C-8E6282159903}.Debug|x86.ActiveCfg = Debug|x86
		{F7934B1F-64FF-406F-A13C-8E6282159903}.Debug|x86.Build.0 = Debug|x86
		{F7934B1F-64FF-406F-A13C-8E6282159903}.Release|x86.ActiveCfg = Release|x86
		{F7934B1F-64FF-406F-A13C-8E6282159903}.Release|x86.Build.0 = Release|x86
	EndGlobalSection
EndGlobal
